// !$*UTF8*$!
{
	archiveVersion = 1;
	classes = {
	};
	objectVersion = 56;
	objects = {

/* Begin PBXBuildFile section */
		A6133F902BB538CF0053BCA1 /* MapAppApp.swift in Sources */ = {isa = PBXBuildFile; fileRef = A6133F8F2BB538CF0053BCA1 /* MapAppApp.swift */; };
		A6133F922BB538CF0053BCA1 /* ContentView.swift in Sources */ = {isa = PBXBuildFile; fileRef = A6133F912BB538CF0053BCA1 /* ContentView.swift */; };
		A6133F972BB538D20053BCA1 /* Preview Assets.xcassets in Resources */ = {isa = PBXBuildFile; fileRef = A6133F962BB538D20053BCA1 /* Preview Assets.xcassets */; };
		A6133FA12BB538D20053BCA1 /* MapAppTests.swift in Sources */ = {isa = PBXBuildFile; fileRef = A6133FA02BB538D20053BCA1 /* MapAppTests.swift */; };
		A6133FAB2BB538D20053BCA1 /* MapAppUITests.swift in Sources */ = {isa = PBXBuildFile; fileRef = A6133FAA2BB538D20053BCA1 /* MapAppUITests.swift */; };
		A6133FAD2BB538D20053BCA1 /* MapAppUITestsLaunchTests.swift in Sources */ = {isa = PBXBuildFile; fileRef = A6133FAC2BB538D20053BCA1 /* MapAppUITestsLaunchTests.swift */; };
		A6D565D22BB53BF1007EDC36 /* Assets.xcassets in Resources */ = {isa = PBXBuildFile; fileRef = A6D565D12BB53BF1007EDC36 /* Assets.xcassets */; };
		A6D565D72BB53E9D007EDC36 /* Location.swift in Sources */ = {isa = PBXBuildFile; fileRef = A6D565D62BB53E9D007EDC36 /* Location.swift */; };
		A6D565DA2BB53F76007EDC36 /* LocationsDataService.swift in Sources */ = {isa = PBXBuildFile; fileRef = A6D565D92BB53F76007EDC36 /* LocationsDataService.swift */; };
		A6D565DC2BB69027007EDC36 /* LocationsView.swift in Sources */ = {isa = PBXBuildFile; fileRef = A6D565DB2BB69027007EDC36 /* LocationsView.swift */; };
		A6D565DE2BB692FA007EDC36 /* LocationsViewModel.swift in Sources */ = {isa = PBXBuildFile; fileRef = A6D565DD2BB692FA007EDC36 /* LocationsViewModel.swift */; };
		A6D565E02BB7805F007EDC36 /* LocationsListView.swift in Sources */ = {isa = PBXBuildFile; fileRef = A6D565DF2BB7805F007EDC36 /* LocationsListView.swift */; };
/* End PBXBuildFile section */

/* Begin PBXContainerItemProxy section */
		A6133F9D2BB538D20053BCA1 /* PBXContainerItemProxy */ = {
			isa = PBXContainerItemProxy;
			containerPortal = A6133F842BB538CF0053BCA1 /* Project object */;
			proxyType = 1;
			remoteGlobalIDString = A6133F8B2BB538CF0053BCA1;
			remoteInfo = MapApp;
		};
		A6133FA72BB538D20053BCA1 /* PBXContainerItemProxy */ = {
			isa = PBXContainerItemProxy;
			containerPortal = A6133F842BB538CF0053BCA1 /* Project object */;
			proxyType = 1;
			remoteGlobalIDString = A6133F8B2BB538CF0053BCA1;
			remoteInfo = MapApp;
		};
/* End PBXContainerItemProxy section */

/* Begin PBXFileReference section */
		A6133F8C2BB538CF0053BCA1 /* MapApp.app */ = {isa = PBXFileReference; explicitFileType = wrapper.application; includeInIndex = 0; path = MapApp.app; sourceTree = BUILT_PRODUCTS_DIR; };
		A6133F8F2BB538CF0053BCA1 /* MapAppApp.swift */ = {isa = PBXFileReference; lastKnownFileType = sourcecode.swift; path = MapAppApp.swift; sourceTree = "<group>"; };
		A6133F912BB538CF0053BCA1 /* ContentView.swift */ = {isa = PBXFileReference; lastKnownFileType = sourcecode.swift; path = ContentView.swift; sourceTree = "<group>"; };
		A6133F962BB538D20053BCA1 /* Preview Assets.xcassets */ = {isa = PBXFileReference; lastKnownFileType = folder.assetcatalog; path = "Preview Assets.xcassets"; sourceTree = "<group>"; };
		A6133F9C2BB538D20053BCA1 /* MapAppTests.xctest */ = {isa = PBXFileReference; explicitFileType = wrapper.cfbundle; includeInIndex = 0; path = MapAppTests.xctest; sourceTree = BUILT_PRODUCTS_DIR; };
		A6133FA02BB538D20053BCA1 /* MapAppTests.swift */ = {isa = PBXFileReference; lastKnownFileType = sourcecode.swift; path = MapAppTests.swift; sourceTree = "<group>"; };
		A6133FA62BB538D20053BCA1 /* MapAppUITests.xctest */ = {isa = PBXFileReference; explicitFileType = wrapper.cfbundle; includeInIndex = 0; path = MapAppUITests.xctest; sourceTree = BUILT_PRODUCTS_DIR; };
		A6133FAA2BB538D20053BCA1 /* MapAppUITests.swift */ = {isa = PBXFileReference; lastKnownFileType = sourcecode.swift; path = MapAppUITests.swift; sourceTree = "<group>"; };
		A6133FAC2BB538D20053BCA1 /* MapAppUITestsLaunchTests.swift */ = {isa = PBXFileReference; lastKnownFileType = sourcecode.swift; path = MapAppUITestsLaunchTests.swift; sourceTree = "<group>"; };
		A6D565D12BB53BF1007EDC36 /* Assets.xcassets */ = {isa = PBXFileReference; lastKnownFileType = folder.assetcatalog; path = Assets.xcassets; sourceTree = "<group>"; };
		A6D565D62BB53E9D007EDC36 /* Location.swift */ = {isa = PBXFileReference; lastKnownFileType = sourcecode.swift; path = Location.swift; sourceTree = "<group>"; };
		A6D565D92BB53F76007EDC36 /* LocationsDataService.swift */ = {isa = PBXFileReference; fileEncoding = 4; lastKnownFileType = sourcecode.swift; path = LocationsDataService.swift; sourceTree = "<group>"; };
		A6D565DB2BB69027007EDC36 /* LocationsView.swift */ = {isa = PBXFileReference; lastKnownFileType = sourcecode.swift; path = LocationsView.swift; sourceTree = "<group>"; };
		A6D565DD2BB692FA007EDC36 /* LocationsViewModel.swift */ = {isa = PBXFileReference; lastKnownFileType = sourcecode.swift; path = LocationsViewModel.swift; sourceTree = "<group>"; };
		A6D565DF2BB7805F007EDC36 /* LocationsListView.swift */ = {isa = PBXFileReference; lastKnownFileType = sourcecode.swift; path = LocationsListView.swift; sourceTree = "<group>"; };
/* End PBXFileReference section */

/* Begin PBXFrameworksBuildPhase section */
		A6133F892BB538CF0053BCA1 /* Frameworks */ = {
			isa = PBXFrameworksBuildPhase;
			buildActionMask = 2147483647;
			files = (
			);
			runOnlyForDeploymentPostprocessing = 0;
		};
		A6133F992BB538D20053BCA1 /* Frameworks */ = {
			isa = PBXFrameworksBuildPhase;
			buildActionMask = 2147483647;
			files = (
			);
			runOnlyForDeploymentPostprocessing = 0;
		};
		A6133FA32BB538D20053BCA1 /* Frameworks */ = {
			isa = PBXFrameworksBuildPhase;
			buildActionMask = 2147483647;
			files = (
			);
			runOnlyForDeploymentPostprocessing = 0;
		};
/* End PBXFrameworksBuildPhase section */

/* Begin PBXGroup section */
		A6133F832BB538CF0053BCA1 = {
			isa = PBXGroup;
			children = (
				A6133F8E2BB538CF0053BCA1 /* MapApp */,
				A6133F9F2BB538D20053BCA1 /* MapAppTests */,
				A6133FA92BB538D20053BCA1 /* MapAppUITests */,
				A6133F8D2BB538CF0053BCA1 /* Products */,
			);
			sourceTree = "<group>";
		};
		A6133F8D2BB538CF0053BCA1 /* Products */ = {
			isa = PBXGroup;
			children = (
				A6133F8C2BB538CF0053BCA1 /* MapApp.app */,
				A6133F9C2BB538D20053BCA1 /* MapAppTests.xctest */,
				A6133FA62BB538D20053BCA1 /* MapAppUITests.xctest */,
			);
			name = Products;
			sourceTree = "<group>";
		};
		A6133F8E2BB538CF0053BCA1 /* MapApp */ = {
			isa = PBXGroup;
			children = (
				A6133F8F2BB538CF0053BCA1 /* MapAppApp.swift */,
				A6133F912BB538CF0053BCA1 /* ContentView.swift */,
				A6D565D82BB53F55007EDC36 /* DataServices */,
				A6D565D32BB53E72007EDC36 /* Views */,
				A6D565D42BB53E7A007EDC36 /* ViewModels */,
				A6D565D52BB53E8E007EDC36 /* Models */,
				A6D565D12BB53BF1007EDC36 /* Assets.xcassets */,
				A6133F952BB538D20053BCA1 /* Preview Content */,
			);
			path = MapApp;
			sourceTree = "<group>";
		};
		A6133F952BB538D20053BCA1 /* Preview Content */ = {
			isa = PBXGroup;
			children = (
				A6133F962BB538D20053BCA1 /* Preview Assets.xcassets */,
			);
			path = "Preview Content";
			sourceTree = "<group>";
		};
		A6133F9F2BB538D20053BCA1 /* MapAppTests */ = {
			isa = PBXGroup;
			children = (
				A6133FA02BB538D20053BCA1 /* MapAppTests.swift */,
			);
			path = MapAppTests;
			sourceTree = "<group>";
		};
		A6133FA92BB538D20053BCA1 /* MapAppUITests */ = {
			isa = PBXGroup;
			children = (
				A6133FAA2BB538D20053BCA1 /* MapAppUITests.swift */,
				A6133FAC2BB538D20053BCA1 /* MapAppUITestsLaunchTests.swift */,
			);
			path = MapAppUITests;
			sourceTree = "<group>";
		};
		A6D565D32BB53E72007EDC36 /* Views */ = {
			isa = PBXGroup;
			children = (
				A6D565DB2BB69027007EDC36 /* LocationsView.swift */,
				A6D565DF2BB7805F007EDC36 /* LocationsListView.swift */,
			);
			path = Views;
			sourceTree = "<group>";
		};
		A6D565D42BB53E7A007EDC36 /* ViewModels */ = {
			isa = PBXGroup;
			children = (
				A6D565DD2BB692FA007EDC36 /* LocationsViewModel.swift */,
			);
			path = ViewModels;
			sourceTree = "<group>";
		};
		A6D565D52BB53E8E007EDC36 /* Models */ = {
			isa = PBXGroup;
			children = (
				A6D565D62BB53E9D007EDC36 /* Location.swift */,
			);
			path = Models;
			sourceTree = "<group>";
		};
		A6D565D82BB53F55007EDC36 /* DataServices */ = {
			isa = PBXGroup;
			children = (
				A6D565D92BB53F76007EDC36 /* LocationsDataService.swift */,
			);
			path = DataServices;
			sourceTree = "<group>";
		};
/* End PBXGroup section */

/* Begin PBXNativeTarget section */
		A6133F8B2BB538CF0053BCA1 /* MapApp */ = {
			isa = PBXNativeTarget;
			buildConfigurationList = A6133FB02BB538D20053BCA1 /* Build configuration list for PBXNativeTarget "MapApp" */;
			buildPhases = (
				A6133F882BB538CF0053BCA1 /* Sources */,
				A6133F892BB538CF0053BCA1 /* Frameworks */,
				A6133F8A2BB538CF0053BCA1 /* Resources */,
			);
			buildRules = (
			);
			dependencies = (
			);
			name = MapApp;
			productName = MapApp;
			productReference = A6133F8C2BB538CF0053BCA1 /* MapApp.app */;
			productType = "com.apple.product-type.application";
		};
		A6133F9B2BB538D20053BCA1 /* MapAppTests */ = {
			isa = PBXNativeTarget;
			buildConfigurationList = A6133FB32BB538D20053BCA1 /* Build configuration list for PBXNativeTarget "MapAppTests" */;
			buildPhases = (
				A6133F982BB538D20053BCA1 /* Sources */,
				A6133F992BB538D20053BCA1 /* Frameworks */,
				A6133F9A2BB538D20053BCA1 /* Resources */,
			);
			buildRules = (
			);
			dependencies = (
				A6133F9E2BB538D20053BCA1 /* PBXTargetDependency */,
			);
			name = MapAppTests;
			productName = MapAppTests;
			productReference = A6133F9C2BB538D20053BCA1 /* MapAppTests.xctest */;
			productType = "com.apple.product-type.bundle.unit-test";
		};
		A6133FA52BB538D20053BCA1 /* MapAppUITests */ = {
			isa = PBXNativeTarget;
			buildConfigurationList = A6133FB62BB538D20053BCA1 /* Build configuration list for PBXNativeTarget "MapAppUITests" */;
			buildPhases = (
				A6133FA22BB538D20053BCA1 /* Sources */,
				A6133FA32BB538D20053BCA1 /* Frameworks */,
				A6133FA42BB538D20053BCA1 /* Resources */,
			);
			buildRules = (
			);
			dependencies = (
				A6133FA82BB538D20053BCA1 /* PBXTargetDependency */,
			);
			name = MapAppUITests;
			productName = MapAppUITests;
			productReference = A6133FA62BB538D20053BCA1 /* MapAppUITests.xctest */;
			productType = "com.apple.product-type.bundle.ui-testing";
		};
/* End PBXNativeTarget section */

/* Begin PBXProject section */
		A6133F842BB538CF0053BCA1 /* Project object */ = {
			isa = PBXProject;
			attributes = {
				BuildIndependentTargetsInParallel = 1;
				LastSwiftUpdateCheck = 1530;
				LastUpgradeCheck = 1530;
				TargetAttributes = {
					A6133F8B2BB538CF0053BCA1 = {
						CreatedOnToolsVersion = 15.3;
					};
					A6133F9B2BB538D20053BCA1 = {
						CreatedOnToolsVersion = 15.3;
						TestTargetID = A6133F8B2BB538CF0053BCA1;
					};
					A6133FA52BB538D20053BCA1 = {
						CreatedOnToolsVersion = 15.3;
						TestTargetID = A6133F8B2BB538CF0053BCA1;
					};
				};
			};
			buildConfigurationList = A6133F872BB538CF0053BCA1 /* Build configuration list for PBXProject "MapApp" */;
			compatibilityVersion = "Xcode 14.0";
			developmentRegion = en;
			hasScannedForEncodings = 0;
			knownRegions = (
				en,
				Base,
			);
			mainGroup = A6133F832BB538CF0053BCA1;
			productRefGroup = A6133F8D2BB538CF0053BCA1 /* Products */;
			projectDirPath = "";
			projectRoot = "";
			targets = (
				A6133F8B2BB538CF0053BCA1 /* MapApp */,
				A6133F9B2BB538D20053BCA1 /* MapAppTests */,
				A6133FA52BB538D20053BCA1 /* MapAppUITests */,
			);
		};
/* End PBXProject section */

/* Begin PBXResourcesBuildPhase section */
		A6133F8A2BB538CF0053BCA1 /* Resources */ = {
			isa = PBXResourcesBuildPhase;
			buildActionMask = 2147483647;
			files = (
				A6D565D22BB53BF1007EDC36 /* Assets.xcassets in Resources */,
				A6133F972BB538D20053BCA1 /* Preview Assets.xcassets in Resources */,
			);
			runOnlyForDeploymentPostprocessing = 0;
		};
		A6133F9A2BB538D20053BCA1 /* Resources */ = {
			isa = PBXResourcesBuildPhase;
			buildActionMask = 2147483647;
			files = (
			);
			runOnlyForDeploymentPostprocessing = 0;
		};
		A6133FA42BB538D20053BCA1 /* Resources */ = {
			isa = PBXResourcesBuildPhase;
			buildActionMask = 2147483647;
			files = (
			);
			runOnlyForDeploymentPostprocessing = 0;
		};
/* End PBXResourcesBuildPhase section */

/* Begin PBXSourcesBuildPhase section */
		A6133F882BB538CF0053BCA1 /* Sources */ = {
			isa = PBXSourcesBuildPhase;
			buildActionMask = 2147483647;
			files = (
				A6D565DA2BB53F76007EDC36 /* LocationsDataService.swift in Sources */,
				A6D565E02BB7805F007EDC36 /* LocationsListView.swift in Sources */,
				A6D565DE2BB692FA007EDC36 /* LocationsViewModel.swift in Sources */,
				A6133F922BB538CF0053BCA1 /* ContentView.swift in Sources */,
				A6D565DC2BB69027007EDC36 /* LocationsView.swift in Sources */,
				A6D565D72BB53E9D007EDC36 /* Location.swift in Sources */,
				A6133F902BB538CF0053BCA1 /* MapAppApp.swift in Sources */,
			);
			runOnlyForDeploymentPostprocessing = 0;
		};
		A6133F982BB538D20053BCA1 /* Sources */ = {
			isa = PBXSourcesBuildPhase;
			buildActionMask = 2147483647;
			files = (
				A6133FA12BB538D20053BCA1 /* MapAppTests.swift in Sources */,
			);
			runOnlyForDeploymentPostprocessing = 0;
		};
		A6133FA22BB538D20053BCA1 /* Sources */ = {
			isa = PBXSourcesBuildPhase;
			buildActionMask = 2147483647;
			files = (
				A6133FAB2BB538D20053BCA1 /* MapAppUITests.swift in Sources */,
				A6133FAD2BB538D20053BCA1 /* MapAppUITestsLaunchTests.swift in Sources */,
			);
			runOnlyForDeploymentPostprocessing = 0;
		};
/* End PBXSourcesBuildPhase section */

/* Begin PBXTargetDependency section */
		A6133F9E2BB538D20053BCA1 /* PBXTargetDependency */ = {
			isa = PBXTargetDependency;
			target = A6133F8B2BB538CF0053BCA1 /* MapApp */;
			targetProxy = A6133F9D2BB538D20053BCA1 /* PBXContainerItemProxy */;
		};
		A6133FA82BB538D20053BCA1 /* PBXTargetDependency */ = {
			isa = PBXTargetDependency;
			target = A6133F8B2BB538CF0053BCA1 /* MapApp */;
			targetProxy = A6133FA72BB538D20053BCA1 /* PBXContainerItemProxy */;
		};
/* End PBXTargetDependency section */

/* Begin XCBuildConfiguration section */
		A6133FAE2BB538D20053BCA1 /* Debug */ = {
			isa = XCBuildConfiguration;
			buildSettings = {
				ALWAYS_SEARCH_USER_PATHS = NO;
				ASSETCATALOG_COMPILER_GENERATE_SWIFT_ASSET_SYMBOL_EXTENSIONS = YES;
				CLANG_ANALYZER_NONNULL = YES;
				CLANG_ANALYZER_NUMBER_OBJECT_CONVERSION = YES_AGGRESSIVE;
				CLANG_CXX_LANGUAGE_STANDARD = "gnu++20";
				CLANG_ENABLE_MODULES = YES;
				CLANG_ENABLE_OBJC_ARC = YES;
				CLANG_ENABLE_OBJC_WEAK = YES;
				CLANG_WARN_BLOCK_CAPTURE_AUTORELEASING = YES;
				CLANG_WARN_BOOL_CONVERSION = YES;
				CLANG_WARN_COMMA = YES;
				CLANG_WARN_CONSTANT_CONVERSION = YES;
				CLANG_WARN_DEPRECATED_OBJC_IMPLEMENTATIONS = YES;
				CLANG_WARN_DIRECT_OBJC_ISA_USAGE = YES_ERROR;
				CLANG_WARN_DOCUMENTATION_COMMENTS = YES;
				CLANG_WARN_EMPTY_BODY = YES;
				CLANG_WARN_ENUM_CONVERSION = YES;
				CLANG_WARN_INFINITE_RECURSION = YES;
				CLANG_WARN_INT_CONVERSION = YES;
				CLANG_WARN_NON_LITERAL_NULL_CONVERSION = YES;
				CLANG_WARN_OBJC_IMPLICIT_RETAIN_SELF = YES;
				CLANG_WARN_OBJC_LITERAL_CONVERSION = YES;
				CLANG_WARN_OBJC_ROOT_CLASS = YES_ERROR;
				CLANG_WARN_QUOTED_INCLUDE_IN_FRAMEWORK_HEADER = YES;
				CLANG_WARN_RANGE_LOOP_ANALYSIS = YES;
				CLANG_WARN_STRICT_PROTOTYPES = YES;
				CLANG_WARN_SUSPICIOUS_MOVE = YES;
				CLANG_WARN_UNGUARDED_AVAILABILITY = YES_AGGRESSIVE;
				CLANG_WARN_UNREACHABLE_CODE = YES;
				CLANG_WARN__DUPLICATE_METHOD_MATCH = YES;
				COPY_PHASE_STRIP = NO;
				DEBUG_INFORMATION_FORMAT = dwarf;
				ENABLE_STRICT_OBJC_MSGSEND = YES;
				ENABLE_TESTABILITY = YES;
				ENABLE_USER_SCRIPT_SANDBOXING = YES;
				GCC_C_LANGUAGE_STANDARD = gnu17;
				GCC_DYNAMIC_NO_PIC = NO;
				GCC_NO_COMMON_BLOCKS = YES;
				GCC_OPTIMIZATION_LEVEL = 0;
				GCC_PREPROCESSOR_DEFINITIONS = (
					"DEBUG=1",
					"$(inherited)",
				);
				GCC_WARN_64_TO_32_BIT_CONVERSION = YES;
				GCC_WARN_ABOUT_RETURN_TYPE = YES_ERROR;
				GCC_WARN_UNDECLARED_SELECTOR = YES;
				GCC_WARN_UNINITIALIZED_AUTOS = YES_AGGRESSIVE;
				GCC_WARN_UNUSED_FUNCTION = YES;
				GCC_WARN_UNUSED_VARIABLE = YES;
				IPHONEOS_DEPLOYMENT_TARGET = 17.4;
				LOCALIZATION_PREFERS_STRING_CATALOGS = YES;
				MTL_ENABLE_DEBUG_INFO = INCLUDE_SOURCE;
				MTL_FAST_MATH = YES;
				ONLY_ACTIVE_ARCH = YES;
				SDKROOT = iphoneos;
				SWIFT_ACTIVE_COMPILATION_CONDITIONS = "DEBUG $(inherited)";
				SWIFT_OPTIMIZATION_LEVEL = "-Onone";
			};
			name = Debug;
		};
		A6133FAF2BB538D20053BCA1 /* Release */ = {
			isa = XCBuildConfiguration;
			buildSettings = {
				ALWAYS_SEARCH_USER_PATHS = NO;
				ASSETCATALOG_COMPILER_GENERATE_SWIFT_ASSET_SYMBOL_EXTENSIONS = YES;
				CLANG_ANALYZER_NONNULL = YES;
				CLANG_ANALYZER_NUMBER_OBJECT_CONVERSION = YES_AGGRESSIVE;
				CLANG_CXX_LANGUAGE_STANDARD = "gnu++20";
				CLANG_ENABLE_MODULES = YES;
				CLANG_ENABLE_OBJC_ARC = YES;
				CLANG_ENABLE_OBJC_WEAK = YES;
				CLANG_WARN_BLOCK_CAPTURE_AUTORELEASING = YES;
				CLANG_WARN_BOOL_CONVERSION = YES;
				CLANG_WARN_COMMA = YES;
				CLANG_WARN_CONSTANT_CONVERSION = YES;
				CLANG_WARN_DEPRECATED_OBJC_IMPLEMENTATIONS = YES;
				CLANG_WARN_DIRECT_OBJC_ISA_USAGE = YES_ERROR;
				CLANG_WARN_DOCUMENTATION_COMMENTS = YES;
				CLANG_WARN_EMPTY_BODY = YES;
				CLANG_WARN_ENUM_CONVERSION = YES;
				CLANG_WARN_INFINITE_RECURSION = YES;
				CLANG_WARN_INT_CONVERSION = YES;
				CLANG_WARN_NON_LITERAL_NULL_CONVERSION = YES;
				CLANG_WARN_OBJC_IMPLICIT_RETAIN_SELF = YES;
				CLANG_WARN_OBJC_LITERAL_CONVERSION = YES;
				CLANG_WARN_OBJC_ROOT_CLASS = YES_ERROR;
				CLANG_WARN_QUOTED_INCLUDE_IN_FRAMEWORK_HEADER = YES;
				CLANG_WARN_RANGE_LOOP_ANALYSIS = YES;
				CLANG_WARN_STRICT_PROTOTYPES = YES;
				CLANG_WARN_SUSPICIOUS_MOVE = YES;
				CLANG_WARN_UNGUARDED_AVAILABILITY = YES_AGGRESSIVE;
				CLANG_WARN_UNREACHABLE_CODE = YES;
				CLANG_WARN__DUPLICATE_METHOD_MATCH = YES;
				COPY_PHASE_STRIP = NO;
				DEBUG_INFORMATION_FORMAT = "dwarf-with-dsym";
				ENABLE_NS_ASSERTIONS = NO;
				ENABLE_STRICT_OBJC_MSGSEND = YES;
				ENABLE_USER_SCRIPT_SANDBOXING = YES;
				GCC_C_LANGUAGE_STANDARD = gnu17;
				GCC_NO_COMMON_BLOCKS = YES;
				GCC_WARN_64_TO_32_BIT_CONVERSION = YES;
				GCC_WARN_ABOUT_RETURN_TYPE = YES_ERROR;
				GCC_WARN_UNDECLARED_SELECTOR = YES;
				GCC_WARN_UNINITIALIZED_AUTOS = YES_AGGRESSIVE;
				GCC_WARN_UNUSED_FUNCTION = YES;
				GCC_WARN_UNUSED_VARIABLE = YES;
				IPHONEOS_DEPLOYMENT_TARGET = 17.4;
				LOCALIZATION_PREFERS_STRING_CATALOGS = YES;
				MTL_ENABLE_DEBUG_INFO = NO;
				MTL_FAST_MATH = YES;
				SDKROOT = iphoneos;
				SWIFT_COMPILATION_MODE = wholemodule;
				VALIDATE_PRODUCT = YES;
			};
			name = Release;
		};
		A6133FB12BB538D20053BCA1 /* Debug */ = {
			isa = XCBuildConfiguration;
			buildSettings = {
				ASSETCATALOG_COMPILER_APPICON_NAME = AppIcon;
				ASSETCATALOG_COMPILER_GLOBAL_ACCENT_COLOR_NAME = AccentColor;
				CODE_SIGN_STYLE = Automatic;
				CURRENT_PROJECT_VERSION = 1;
				DEVELOPMENT_ASSET_PATHS = "\"MapApp/Preview Content\"";
				ENABLE_PREVIEWS = YES;
				GENERATE_INFOPLIST_FILE = YES;
				INFOPLIST_KEY_UIApplicationSceneManifest_Generation = YES;
				INFOPLIST_KEY_UIApplicationSupportsIndirectInputEvents = YES;
				INFOPLIST_KEY_UILaunchScreen_Generation = YES;
				INFOPLIST_KEY_UISupportedInterfaceOrientations_iPad = "UIInterfaceOrientationPortrait UIInterfaceOrientationPortraitUpsideDown UIInterfaceOrientationLandscapeLeft UIInterfaceOrientationLandscapeRight";
				INFOPLIST_KEY_UISupportedInterfaceOrientations_iPhone = "UIInterfaceOrientationPortrait UIInterfaceOrientationLandscapeLeft UIInterfaceOrientationLandscapeRight";
				LD_RUNPATH_SEARCH_PATHS = (
					"$(inherited)",
					"@executable_path/Frameworks",
				);
				MARKETING_VERSION = 1.0;
				PRODUCT_BUNDLE_IDENTIFIER = com.karlos.MapApp;
				PRODUCT_NAME = "$(TARGET_NAME)";
				SWIFT_EMIT_LOC_STRINGS = YES;
				SWIFT_VERSION = 5.0;
				TARGETED_DEVICE_FAMILY = "1,2";
			};
			name = Debug;
		};
		A6133FB22BB538D20053BCA1 /* Release */ = {
			isa = XCBuildConfiguration;
			buildSettings = {
				ASSETCATALOG_COMPILER_APPICON_NAME = AppIcon;
				ASSETCATALOG_COMPILER_GLOBAL_ACCENT_COLOR_NAME = AccentColor;
				CODE_SIGN_STYLE = Automatic;
				CURRENT_PROJECT_VERSION = 1;
				DEVELOPMENT_ASSET_PATHS = "\"MapApp/Preview Content\"";
				ENABLE_PREVIEWS = YES;
				GENERATE_INFOPLIST_FILE = YES;
				INFOPLIST_KEY_UIApplicationSceneManifest_Generation = YES;
				INFOPLIST_KEY_UIApplicationSupportsIndirectInputEvents = YES;
				INFOPLIST_KEY_UILaunchScreen_Generation = YES;
				INFOPLIST_KEY_UISupportedInterfaceOrientations_iPad = "UIInterfaceOrientationPortrait UIInterfaceOrientationPortraitUpsideDown UIInterfaceOrientationLandscapeLeft UIInterfaceOrientationLandscapeRight";
				INFOPLIST_KEY_UISupportedInterfaceOrientations_iPhone = "UIInterfaceOrientationPortrait UIInterfaceOrientationLandscapeLeft UIInterfaceOrientationLandscapeRight";
				LD_RUNPATH_SEARCH_PATHS = (
					"$(inherited)",
					"@executable_path/Frameworks",
				);
				MARKETING_VERSION = 1.0;
				PRODUCT_BUNDLE_IDENTIFIER = com.karlos.MapApp;
				PRODUCT_NAME = "$(TARGET_NAME)";
				SWIFT_EMIT_LOC_STRINGS = YES;
				SWIFT_VERSION = 5.0;
				TARGETED_DEVICE_FAMILY = "1,2";
			};
			name = Release;
		};
		A6133FB42BB538D20053BCA1 /* Debug */ = {
			isa = XCBuildConfiguration;
			buildSettings = {
				ALWAYS_EMBED_SWIFT_STANDARD_LIBRARIES = YES;
				BUNDLE_LOADER = "$(TEST_HOST)";
				CODE_SIGN_STYLE = Automatic;
				CURRENT_PROJECT_VERSION = 1;
				GENERATE_INFOPLIST_FILE = YES;
				IPHONEOS_DEPLOYMENT_TARGET = 17.4;
				MARKETING_VERSION = 1.0;
				PRODUCT_BUNDLE_IDENTIFIER = com.karlos.MapAppTests;
				PRODUCT_NAME = "$(TARGET_NAME)";
				SWIFT_EMIT_LOC_STRINGS = NO;
				SWIFT_VERSION = 5.0;
				TARGETED_DEVICE_FAMILY = "1,2";
				TEST_HOST = "$(BUILT_PRODUCTS_DIR)/MapApp.app/$(BUNDLE_EXECUTABLE_FOLDER_PATH)/MapApp";
			};
			name = Debug;
		};
		A6133FB52BB538D20053BCA1 /* Release */ = {
			isa = XCBuildConfiguration;
			buildSettings = {
				ALWAYS_EMBED_SWIFT_STANDARD_LIBRARIES = YES;
				BUNDLE_LOADER = "$(TEST_HOST)";
				CODE_SIGN_STYLE = Automatic;
				CURRENT_PROJECT_VERSION = 1;
				GENERATE_INFOPLIST_FILE = YES;
				IPHONEOS_DEPLOYMENT_TARGET = 17.4;
				MARKETING_VERSION = 1.0;
				PRODUCT_BUNDLE_IDENTIFIER = com.karlos.MapAppTests;
				PRODUCT_NAME = "$(TARGET_NAME)";
				SWIFT_EMIT_LOC_STRINGS = NO;
				SWIFT_VERSION = 5.0;
				TARGETED_DEVICE_FAMILY = "1,2";
				TEST_HOST = "$(BUILT_PRODUCTS_DIR)/MapApp.app/$(BUNDLE_EXECUTABLE_FOLDER_PATH)/MapApp";
			};
			name = Release;
		};
		A6133FB72BB538D20053BCA1 /* Debug */ = {
			isa = XCBuildConfiguration;
			buildSettings = {
				ALWAYS_EMBED_SWIFT_STANDARD_LIBRARIES = YES;
				CODE_SIGN_STYLE = Automatic;
				CURRENT_PROJECT_VERSION = 1;
				GENERATE_INFOPLIST_FILE = YES;
				MARKETING_VERSION = 1.0;
				PRODUCT_BUNDLE_IDENTIFIER = com.karlos.MapAppUITests;
				PRODUCT_NAME = "$(TARGET_NAME)";
				SWIFT_EMIT_LOC_STRINGS = NO;
				SWIFT_VERSION = 5.0;
				TARGETED_DEVICE_FAMILY = "1,2";
				TEST_TARGET_NAME = MapApp;
			};
			name = Debug;
		};
		A6133FB82BB538D20053BCA1 /* Release */ = {
			isa = XCBuildConfiguration;
			buildSettings = {
				ALWAYS_EMBED_SWIFT_STANDARD_LIBRARIES = YES;
				CODE_SIGN_STYLE = Automatic;
				CURRENT_PROJECT_VERSION = 1;
				GENERATE_INFOPLIST_FILE = YES;
				MARKETING_VERSION = 1.0;
				PRODUCT_BUNDLE_IDENTIFIER = com.karlos.MapAppUITests;
				PRODUCT_NAME = "$(TARGET_NAME)";
				SWIFT_EMIT_LOC_STRINGS = NO;
				SWIFT_VERSION = 5.0;
				TARGETED_DEVICE_FAMILY = "1,2";
				TEST_TARGET_NAME = MapApp;
			};
			name = Release;
		};
/* End XCBuildConfiguration section */

/* Begin XCConfigurationList section */
		A6133F872BB538CF0053BCA1 /* Build configuration list for PBXProject "MapApp" */ = {
			isa = XCConfigurationList;
			buildConfigurations = (
				A6133FAE2BB538D20053BCA1 /* Debug */,
				A6133FAF2BB538D20053BCA1 /* Release */,
			);
			defaultConfigurationIsVisible = 0;
			defaultConfigurationName = Release;
		};
		A6133FB02BB538D20053BCA1 /* Build configuration list for PBXNativeTarget "MapApp" */ = {
			isa = XCConfigurationList;
			buildConfigurations = (
				A6133FB12BB538D20053BCA1 /* Debug */,
				A6133FB22BB538D20053BCA1 /* Release */,
			);
			defaultConfigurationIsVisible = 0;
			defaultConfigurationName = Release;
		};
		A6133FB32BB538D20053BCA1 /* Build configuration list for PBXNativeTarget "MapAppTests" */ = {
			isa = XCConfigurationList;
			buildConfigurations = (
				A6133FB42BB538D20053BCA1 /* Debug */,
				A6133FB52BB538D20053BCA1 /* Release */,
			);
			defaultConfigurationIsVisible = 0;
			defaultConfigurationName = Release;
		};
		A6133FB62BB538D20053BCA1 /* Build configuration list for PBXNativeTarget "MapAppUITests" */ = {
			isa = XCConfigurationList;
			buildConfigurations = (
				A6133FB72BB538D20053BCA1 /* Debug */,
				A6133FB82BB538D20053BCA1 /* Release */,
			);
			defaultConfigurationIsVisible = 0;
			defaultConfigurationName = Release;
		};
/* End XCConfigurationList section */
	};
	rootObject = A6133F842BB538CF0053BCA1 /* Project object */;
}
